#MicroXplorer Configuration settings - do not modify
ADC4.Channel-0\#ChannelRegularConversion=ADC_CHANNEL_TEMPSENSOR
ADC4.IPParameters=Rank-0\#ChannelRegularConversion,Channel-0\#ChannelRegularConversion,SamplingTime-0\#ChannelRegularConversion,NbrOfConversionFlag,SelectedChannel,SamplingTimeCommon1
ADC4.NbrOfConversionFlag=1
ADC4.Rank-0\#ChannelRegularConversion=1
ADC4.SamplingTime-0\#ChannelRegularConversion=ADC_SAMPLINGTIME_COMMON_1
ADC4.SamplingTimeCommon1=ADC_SAMPLETIME_814CYCLES_5
ADC4.SelectedChannel=ADC_CHANNEL_TEMPSENSOR|ADC_CHANNEL_VREFINT|ADC_CHANNEL_VCORE
BSP_IP_NAME=NUCLEO-WBA52CG
CAD.formats=
CAD.pinconfig=
CAD.provider=
CORTEX_M33_NS.userName=CORTEX_M33
CRC.IPParameters=InputDataFormat
CRC.InputDataFormat=CRC_INPUTDATA_FORMAT_WORDS
File.Version=6
GPDMA1.DESTINC_GPDMACH1=DMA_DINC_INCREMENTED
GPDMA1.DIRECTION_GPDMACH0=DMA_MEMORY_TO_PERIPH
GPDMA1.IPHANDLE_GPDMACH0-SIMPLEREQUEST_GPDMACH0=__NULL
GPDMA1.IPHANDLE_GPDMACH1-SIMPLEREQUEST_GPDMACH1=__NULL
GPDMA1.IPParameters=IPHANDLE_GPDMACH1-SIMPLEREQUEST_GPDMACH1,REQUEST_GPDMACH1,DESTINC_GPDMACH1,IPHANDLE_GPDMACH0-SIMPLEREQUEST_GPDMACH0,REQUEST_GPDMACH0,DIRECTION_GPDMACH0,SRCINC_GPDMACH0
GPDMA1.REQUEST_GPDMACH0=GPDMA1_REQUEST_USART1_TX
GPDMA1.REQUEST_GPDMACH1=GPDMA1_REQUEST_USART1_RX
GPDMA1.SRCINC_GPDMACH0=DMA_SINC_INCREMENTED
GPIO.groupedBy=Group By Peripherals
I2C1.IPParameters=Timing
I2C1.Timing=0x00303D5B
KeepUserPlacement=false
MMTAppRegionsCount=0
MMTConfigApplied=false
Mcu.CPN=STM32WBA52CGU6
Mcu.ContextProject=TrustZoneDisabled
Mcu.Family=STM32WBA
Mcu.IP0=ADC4
Mcu.IP1=ADV_TRACE
Mcu.IP10=NUCLEO-WBA52CG
Mcu.IP11=NVIC
Mcu.IP12=PWR
Mcu.IP13=RAMCFG
Mcu.IP14=RCC
Mcu.IP15=RF
Mcu.IP16=RNG
Mcu.IP17=RTC
Mcu.IP18=STM32_WPAN
Mcu.IP19=SYS
Mcu.IP2=CORTEX_M33_NS
Mcu.IP20=THREADX
Mcu.IP21=TIMER
Mcu.IP22=TINY_LPM
Mcu.IP23=USART1
Mcu.IP3=CRC
Mcu.IP4=GPDMA1
Mcu.IP5=I2C1
Mcu.IP6=ICACHE
Mcu.IP7=MEMORYMAP
Mcu.IP8=MISC
Mcu.IP9=NUCLEO-WBA52CG
Mcu.IPNb=25
Mcu.Name=STM32WBA52CGUx
Mcu.Package=UFQFPN48
Mcu.Pin0=PB12
Mcu.Pin1=PB11
Mcu.Pin10=PB3 (JTDO/TRACESWO)
Mcu.Pin11=PA15 (JTDI)
Mcu.Pin12=PA14 (JTCK/SWCLK)
Mcu.Pin13=PA13 (JTMS/SWDIO)
Mcu.Pin14=OSC_OUT
Mcu.Pin15=OSC_IN
Mcu.Pin16=VP_ADC4_TempSens_Input
Mcu.Pin17=VP_ADC4_Vref_Input
Mcu.Pin18=VP_ADC4_Vcore_Input
Mcu.Pin19=VP_ADV_TRACE_VS_ADV_TRACE
Mcu.Pin2=PA8
Mcu.Pin20=VP_CORTEX_M33_NS_VS_Hclk
Mcu.Pin21=VP_CRC_VS_CRC
Mcu.Pin22=VP_GPDMA1_VS_GPDMACH0
Mcu.Pin23=VP_GPDMA1_VS_GPDMACH1
Mcu.Pin24=VP_ICACHE_VS_ICACHE
Mcu.Pin25=VP_MISC_VS_MISC
Mcu.Pin26=VP_PWR_VS_SECSignals
Mcu.Pin27=VP_RAMCFG_VS_RAMCFG1
Mcu.Pin28=VP_RF_VS_RF
Mcu.Pin29=VP_RNG_VS_RNG
Mcu.Pin3=PB8
Mcu.Pin30=VP_RTC_VS_RTC_Activate
Mcu.Pin31=VP_RTC_VS_RTC_Calendar
Mcu.Pin32=VP_RTC_VS_RTC_Alarm_A_Intern
Mcu.Pin33=VP_STM32_WPAN_VS_BLE_HOST_SP
Mcu.Pin34=VP_SYS_VS_tim2
Mcu.Pin35=VP_THREADX_VS_RTOSJjThreadXJjCoreJjDefault
Mcu.Pin36=VP_THREADX_VS_RTOSJjThreadXJjLow_Power_Support
Mcu.Pin37=VP_TIMER_VS_TIMER
Mcu.Pin38=VP_TINY_LPM_VS_TINY_LPM
Mcu.Pin39=VP_MEMORYMAP_VS_MEMORYMAP
Mcu.Pin4=PC15-OSC32_OUT
Mcu.Pin40=VP_NUCLEO-WBA52CG_VS_BSP_COMMON
Mcu.Pin5=PC14-OSC32_IN
Mcu.Pin6=PC13
Mcu.Pin7=PB7
Mcu.Pin8=PB6
Mcu.Pin9=PB4 (NJTRST)
Mcu.PinsNb=41
Mcu.ThirdPartyNb=0
Mcu.UserConstants=
Mcu.UserName=STM32WBA52CGUx
MxCube.Version=6.12.0
MxDb.Version=DB.6.0.120
NUCLEO-WBA52CG.BUTTON=1
NUCLEO-WBA52CG.BUTTON2=1
NUCLEO-WBA52CG.BUTTON3=1
NUCLEO-WBA52CG.IPParameters=LD3,BUTTON,LD2,BUTTON2,LD1,BUTTON3
NUCLEO-WBA52CG.LD1=true
NUCLEO-WBA52CG.LD2=true
NUCLEO-WBA52CG.LD3=true
NVIC.BusFault_IRQn=true\:0\:0\:false\:false\:true\:false\:false\:false\:false
NVIC.DebugMonitor_IRQn=true\:0\:0\:false\:false\:true\:false\:false\:false\:false
NVIC.EXTI13_IRQn=true\:0\:0\:false\:false\:true\:false\:true\:true\:true
NVIC.EXTI6_IRQn=true\:0\:0\:false\:false\:true\:false\:true\:true\:true
NVIC.EXTI7_IRQn=true\:0\:0\:false\:false\:true\:false\:true\:true\:true
NVIC.ForceEnableDMAVector=false
NVIC.GPDMA1_Channel0_IRQn=true\:5\:0\:true\:false\:true\:false\:false\:true\:true
NVIC.GPDMA1_Channel1_IRQn=true\:6\:0\:true\:false\:true\:false\:false\:true\:true
NVIC.HardFault_IRQn=true\:0\:0\:false\:false\:true\:false\:false\:false\:false
NVIC.MemoryManagement_IRQn=true\:0\:0\:false\:false\:true\:false\:false\:false\:false
NVIC.NonMaskableInt_IRQn=true\:0\:0\:false\:false\:true\:false\:false\:false\:false
NVIC.PendSV_IRQn=true\:0\:0\:false\:false\:false\:false\:false\:false\:false
NVIC.PriorityGroup=NVIC_PRIORITYGROUP_4
NVIC.RADIO_IRQn=true\:0\:0\:false\:false\:true\:false\:false\:false\:true
NVIC.RCC_IRQn=true\:1\:0\:true\:false\:true\:false\:true\:false\:true
NVIC.RTC_IRQn=true\:4\:0\:true\:false\:true\:false\:true\:true\:true
NVIC.SVCall_IRQn=true\:0\:0\:false\:false\:false\:false\:false\:false\:false
NVIC.SavedPendsvIrqHandlerGenerated=true
NVIC.SavedSvcallIrqHandlerGenerated=true
NVIC.SavedSystickIrqHandlerGenerated=true
NVIC.SysTick_IRQn=true\:0\:0\:false\:false\:false\:false\:false\:true\:false
NVIC.TIM2_IRQn=true\:15\:0\:false\:false\:true\:false\:false\:true\:true
NVIC.TimeBase=TIM2_IRQn
NVIC.TimeBaseIP=TIM2
NVIC.USART1_IRQn=true\:7\:0\:true\:false\:true\:false\:true\:true\:true
NVIC.UsageFault_IRQn=true\:0\:0\:false\:false\:true\:false\:false\:false\:false
OSC_IN.GPIOParameters=GPIO_Label
OSC_IN.GPIO_Label=RCC_OSC_IN
OSC_IN.Locked=true
OSC_IN.Mode=HSE-External-Oscillator
OSC_IN.Signal=RCC_OSC_IN
OSC_OUT.GPIOParameters=GPIO_Label
OSC_OUT.GPIO_Label=RCC_OSC_OUT
OSC_OUT.Locked=true
OSC_OUT.Mode=HSE-External-Oscillator
OSC_OUT.Signal=RCC_OSC_OUT
PA13\ (JTMS/SWDIO).GPIOParameters=GPIO_Label
PA13\ (JTMS/SWDIO).GPIO_Label=DEBUG_JTMS-SWDIO
PA13\ (JTMS/SWDIO).Locked=true
PA13\ (JTMS/SWDIO).Signal=DEBUG_JTMS-SWDIO
PA14\ (JTCK/SWCLK).GPIOParameters=GPIO_Label
PA14\ (JTCK/SWCLK).GPIO_Label=DEBUG_JTCK-SWCLK
PA14\ (JTCK/SWCLK).Locked=true
PA14\ (JTCK/SWCLK).Signal=DEBUG_JTCK-SWCLK
PA15\ (JTDI).Mode=I2C
PA15\ (JTDI).Signal=I2C1_SCL
PA8.GPIOParameters=GPIO_Label
PA8.GPIO_Label=USART1_RX
PA8.Locked=true
PA8.Mode=Asynchronous
PA8.Signal=USART1_RX
PB11.Locked=true
PB11.Signal=GPIO_Output
PB12.GPIOParameters=GPIO_Label
PB12.GPIO_Label=USART1_TX
PB12.Locked=true
PB12.Mode=Asynchronous
PB12.Signal=USART1_TX
PB3\ (JTDO/TRACESWO).Mode=I2C
PB3\ (JTDO/TRACESWO).Signal=I2C1_SDA
PB4\ (NJTRST).Locked=true
PB4\ (NJTRST).Signal=GPIO_Output
PB6.Locked=true
PB6.Signal=GPXTI6
PB7.Locked=true
PB7.Signal=GPXTI7
PB8.Locked=true
PB8.Signal=GPIO_Output
PC13.Locked=true
PC13.Signal=GPXTI13
PC14-OSC32_IN.GPIOParameters=GPIO_Label
PC14-OSC32_IN.GPIO_Label=RCC_OSC32_IN
PC14-OSC32_IN.Locked=true
PC14-OSC32_IN.Mode=LSE-External-Oscillator
PC14-OSC32_IN.Signal=RCC_OSC32_IN
PC15-OSC32_OUT.GPIOParameters=GPIO_Label
PC15-OSC32_OUT.GPIO_Label=RCC_OSC32_OUT
PC15-OSC32_OUT.Locked=true
PC15-OSC32_OUT.Mode=LSE-External-Oscillator
PC15-OSC32_OUT.Signal=RCC_OSC32_OUT
PinOutPanel.RotationAngle=0
ProjectManager.AskForMigrate=true
ProjectManager.BackupPrevious=false
ProjectManager.CompilerOptimize=6
ProjectManager.ComputerToolchain=false
ProjectManager.CoupleFile=false
ProjectManager.CustomerFirmwarePackage=
ProjectManager.DefaultFWLocation=true
ProjectManager.DeletePrevious=true
ProjectManager.DeviceId=STM32WBA52CGUx
ProjectManager.FirmwarePackage=STM32Cube FW_WBA V1.4.1
ProjectManager.FreePins=false
ProjectManager.HalAssertFull=false
ProjectManager.HeapSize=0x200
ProjectManager.KeepUserCode=true
ProjectManager.LastFirmware=true
ProjectManager.LibraryCopy=0
ProjectManager.MainLocation=Core/Src
ProjectManager.NoMain=false
ProjectManager.PreviousToolchain=
ProjectManager.ProjectBuild=false
ProjectManager.ProjectFileName=BLE_v1.ioc
ProjectManager.ProjectName=BLE_v1
ProjectManager.ProjectStructure=
ProjectManager.RegisterCallBack=
ProjectManager.StackSize=0x400
ProjectManager.TargetToolchain=CMake
ProjectManager.ToolChainLocation=
ProjectManager.UAScriptAfterPath=
ProjectManager.UAScriptBeforePath=
ProjectManager.UnderRoot=false
ProjectManager.functionlistsort=1-MX_GPIO_Init-GPIO-false-HAL-true,2-SystemPower_Config-PWR-false-HAL-true,3-MX_GPDMA1_Init-GPDMA1-false-HAL-true,4-MX_ICACHE_Init-ICACHE-false-HAL-true,5-MX_RAMCFG_Init-RAMCFG-false-HAL-true,6-MX_RTC_Init-RTC-false-HAL-false,7-SystemClock_Config-RCC-false-HAL-false,8-MX_USART1_UART_Init-USART1-false-HAL-true,9-MX_ADC4_Init-ADC4-false-HAL-true,10-MX_CRC_Init-CRC-false-HAL-true,11-MX_RNG_Init-RNG-false-HAL-true,12-APPE_Init-STM32_WPAN-false-HAL-false,13-MX_I2C1_Init-I2C1-false-HAL-true,0-MX_CORTEX_M33_NS_Init-CORTEX_M33_NS-false-HAL-true,false-0--NUCLEO-WBA52CG-true-HAL-true
RAMCFG.IPParameters=Instance-RAMCFG1_Activate
RAMCFG.Instance-RAMCFG1_Activate=RAMCFG_SRAM1
RCC.ADCFreq_Value=16000000
RCC.AHB4Freq_Value=16000000
RCC.AHB5Freq_Value=16000000
RCC.AHBFreq_Value=16000000
RCC.APB1Freq_Value=16000000
RCC.APB1TimFreq_Value=16000000
RCC.APB2CLKDivider=RCC_HCLK_DIV2
RCC.APB2Freq_Value=8000000
RCC.APB2TimFreq_Value=16000000
RCC.APB7Freq_Value=16000000
RCC.ASFreq_Value=64000000
RCC.CortexFreq_Value=2000000
RCC.FCLKCortexFreq_Value=16000000
RCC.FamilyName=M
RCC.HCLKFreq_Value=16000000
RCC.HSESYSFreq_VALUE=16000000
RCC.HSE_VALUE=32000000
RCC.HSI_VALUE=16000000
RCC.HseDiv=RCC_HSE_DIV2
RCC.I2C1Freq_Value=16000000
RCC.I2C3Freq_Value=16000000
RCC.IPParameters=ADCFreq_Value,AHB4Freq_Value,AHB5Freq_Value,AHBFreq_Value,APB1Freq_Value,APB1TimFreq_Value,APB2CLKDivider,APB2Freq_Value,APB2TimFreq_Value,APB7Freq_Value,ASFreq_Value,CortexFreq_Value,FCLKCortexFreq_Value,FamilyName,HCLKFreq_Value,HSESYSFreq_VALUE,HSE_VALUE,HSI_VALUE,HseDiv,I2C1Freq_Value,I2C3Freq_Value,LPTIM1Freq_Value,LPTIM2Freq_Value,LPUART1Freq_Value,LSCOPinFreq_Value,LSI_VALUE,MCO1PinFreq_Value,PLLN,PLLPoutputFreq_Value,PLLQoutputFreq_Value,PLLRCLKFreq_Value,PWR_Regulator_Voltage_Scale,RNGFreq_Value,RSTFreq_Value,RSTRFFreq_Value,SAESFreq_Value,SPI1Freq_Value,SPI3Freq_Value,SYSCLKFreq_VALUE,SYSCLKSourceVirtual,USART1Freq_Value,USART2Freq_Value,VCOInputFreq_Value,VCOOutputFreq_Value
RCC.LPTIM1Freq_Value=16000000
RCC.LPTIM2Freq_Value=16000000
RCC.LPUART1Freq_Value=16000000
RCC.LSCOPinFreq_Value=32000
RCC.LSI_VALUE=32000
RCC.MCO1PinFreq_Value=16000000
RCC.PLLN=8
RCC.PLLPoutputFreq_Value=64000000
RCC.PLLQoutputFreq_Value=64000000
RCC.PLLRCLKFreq_Value=64000000
RCC.PWR_Regulator_Voltage_Scale=PWR_REGULATOR_VOLTAGE_SCALE1
RCC.RNGFreq_Value=16000000
RCC.RSTFreq_Value=32000
RCC.RSTRFFreq_Value=32000000
RCC.SAESFreq_Value=16000000
RCC.SPI1Freq_Value=8000000
RCC.SPI3Freq_Value=16000000
RCC.SYSCLKFreq_VALUE=16000000
RCC.SYSCLKSourceVirtual=RCC_SYSCLKSOURCE_HSE
RCC.USART1Freq_Value=8000000
RCC.USART2Freq_Value=16000000
RCC.VCOInputFreq_Value=16000000
RCC.VCOOutputFreq_Value=128000000
RTC.Alarm-Alarm\ A=RTC_ALARM_A
RTC.BinMode=RTC_BINARY_ONLY
RTC.BinaryAutoClr_A-Alarm\ A=RTC_ALARMSUBSECONDBIN_AUTOCLR_NO
RTC.IPParameters=Alarm-Alarm A,BinMode,BinaryAutoClr_A-Alarm A
SH.GPXTI13.0=GPIO_EXTI13
SH.GPXTI13.ConfNb=1
SH.GPXTI6.0=GPIO_EXTI6
SH.GPXTI6.ConfNb=1
SH.GPXTI7.0=GPIO_EXTI7
SH.GPXTI7.ConfNb=1
STM32_WPAN.AD_SERVICE_CLASS_UUID_1=18 0D
STM32_WPAN.AD_SERVICE_CLASS_UUID_1_INV=[0D, 18]
STM32_WPAN.AD_TYPE_COMPLETE_LOCAL_NAME=HR_XX
STM32_WPAN.AD_TYPE_COMPLETE_LOCAL_NAME_LENGTH=6
STM32_WPAN.AD_TYPE_MANUFACTURER_DATA_NBR=12
STM32_WPAN.BSP.number=1
STM32_WPAN.CFG_LSCLK_LSE=0
STM32_WPAN.INCLUDE_AD_TYPE_16_BIT_SERV_UUID_CMPLT_LIST=1
STM32_WPAN.INCLUDE_AD_TYPE_COMPLETE_LOCAL_NAME=1
STM32_WPAN.INCLUDE_AD_TYPE_MANUFACTURER_SPECIFIC_DATA=1
STM32_WPAN.INCLUDE_AD_TYPE_URI=0
STM32_WPAN.IPParameters=INCLUDE_AD_TYPE_COMPLETE_LOCAL_NAME,AD_TYPE_COMPLETE_LOCAL_NAME,AD_TYPE_COMPLETE_LOCAL_NAME_LENGTH,INCLUDE_AD_TYPE_16_BIT_SERV_UUID_CMPLT_LIST,AD_SERVICE_CLASS_UUID_1,AD_SERVICE_CLASS_UUID_1_INV,INCLUDE_AD_TYPE_URI,INCLUDE_AD_TYPE_MANUFACTURER_SPECIFIC_DATA,AD_TYPE_MANUFACTURER_DATA_NBR,CFG_LSCLK_LSE
STM32_WPAN0.BSP.STBoard=false
STM32_WPAN0.BSP.api=Unknown
STM32_WPAN0.BSP.component=
STM32_WPAN0.BSP.condition=\!(S_BLE_TM | S_BLE_HOST_SIMPLE)
STM32_WPAN0.BSP.instance=USART1
STM32_WPAN0.BSP.ip=(LPU|US)ART
STM32_WPAN0.BSP.mode=Asynchronous
STM32_WPAN0.BSP.name=Serial Link for Logs
STM32_WPAN0.BSP.semaphore=
STM32_WPAN0.BSP.solution=USART1
THREADX.IPParameters=TX_TIMER_TICKS_PER_SECOND,TX_DISABLE_PREEMPTION_THRESHOLD,TX_LOW_POWER,TX_LOW_POWER_USER_ENTER,TX_LOW_POWER_USER_EXIT,TX_LOW_POWER_USER_TIMER_ADJUST_ENABLE
THREADX.TX_DISABLE_PREEMPTION_THRESHOLD=0
THREADX.TX_LOW_POWER=1
THREADX.TX_LOW_POWER_USER_ENTER=ThreadXLowPowerUserEnter
THREADX.TX_LOW_POWER_USER_EXIT=ThreadXLowPowerUserExit
THREADX.TX_LOW_POWER_USER_TIMER_ADJUST_ENABLE=true
THREADX.TX_TIMER_TICKS_PER_SECOND=128
USART1.IPParameters=VirtualMode-Asynchronous
USART1.VirtualMode-Asynchronous=VM_ASYNC
VP_ADC4_TempSens_Input.Mode=IN-TempSens
VP_ADC4_TempSens_Input.Signal=ADC4_TempSens_Input
VP_ADC4_Vcore_Input.Mode=IN-Vcore
VP_ADC4_Vcore_Input.Signal=ADC4_Vcore_Input
VP_ADC4_Vref_Input.Mode=IN-Vrefint
VP_ADC4_Vref_Input.Signal=ADC4_Vref_Input
VP_ADV_TRACE_VS_ADV_TRACE.Mode=ADV_TRACE_Enabled
VP_ADV_TRACE_VS_ADV_TRACE.Signal=ADV_TRACE_VS_ADV_TRACE
VP_CORTEX_M33_NS_VS_Hclk.Mode=Hclk_Mode
VP_CORTEX_M33_NS_VS_Hclk.Signal=CORTEX_M33_NS_VS_Hclk
VP_CRC_VS_CRC.Mode=CRC_Activate
VP_CRC_VS_CRC.Signal=CRC_VS_CRC
VP_GPDMA1_VS_GPDMACH0.Mode=SIMPLEREQUEST_GPDMACH0
VP_GPDMA1_VS_GPDMACH0.Signal=GPDMA1_VS_GPDMACH0
VP_GPDMA1_VS_GPDMACH1.Mode=SIMPLEREQUEST_GPDMACH1
VP_GPDMA1_VS_GPDMACH1.Signal=GPDMA1_VS_GPDMACH1
VP_ICACHE_VS_ICACHE.Mode=DirectMappedCache
VP_ICACHE_VS_ICACHE.Signal=ICACHE_VS_ICACHE
VP_MEMORYMAP_VS_MEMORYMAP.Mode=CurAppReg
VP_MEMORYMAP_VS_MEMORYMAP.Signal=MEMORYMAP_VS_MEMORYMAP
VP_MISC_VS_MISC.Mode=MISC_Enabled
VP_MISC_VS_MISC.Signal=MISC_VS_MISC
VP_NUCLEO-WBA52CG_VS_BSP_COMMON.Mode=COMMON
VP_NUCLEO-WBA52CG_VS_BSP_COMMON.Signal=NUCLEO-WBA52CG_VS_BSP_COMMON
VP_PWR_VS_SECSignals.Mode=Security/Privilege
VP_PWR_VS_SECSignals.Signal=PWR_VS_SECSignals
VP_RAMCFG_VS_RAMCFG1.Mode=RAMCFG1_Activate
VP_RAMCFG_VS_RAMCFG1.Signal=RAMCFG_VS_RAMCFG1
VP_RF_VS_RF.Mode=RF_Activate
VP_RF_VS_RF.Signal=RF_VS_RF
VP_RNG_VS_RNG.Mode=RNG_Activate
VP_RNG_VS_RNG.Signal=RNG_VS_RNG
VP_RTC_VS_RTC_Activate.Mode=RTC_Enabled
VP_RTC_VS_RTC_Activate.Signal=RTC_VS_RTC_Activate
VP_RTC_VS_RTC_Alarm_A_Intern.Mode=Alarm A
VP_RTC_VS_RTC_Alarm_A_Intern.Signal=RTC_VS_RTC_Alarm_A_Intern
VP_RTC_VS_RTC_Calendar.Mode=RTC_Calendar
VP_RTC_VS_RTC_Calendar.Signal=RTC_VS_RTC_Calendar
VP_STM32_WPAN_VS_BLE_HOST_SP.Mode=BLE_Server
VP_STM32_WPAN_VS_BLE_HOST_SP.Signal=STM32_WPAN_VS_BLE_HOST_SP
VP_SYS_VS_tim2.Mode=TIM2
VP_SYS_VS_tim2.Signal=SYS_VS_tim2
VP_THREADX_VS_RTOSJjThreadXJjCoreJjDefault.Mode=Core_Default
VP_THREADX_VS_RTOSJjThreadXJjCoreJjDefault.Signal=THREADX_VS_RTOSJjThreadXJjCoreJjDefault
VP_THREADX_VS_RTOSJjThreadXJjLow_Power_Support.Mode=Low_Power_Support
VP_THREADX_VS_RTOSJjThreadXJjLow_Power_Support.Signal=THREADX_VS_RTOSJjThreadXJjLow_Power_Support
VP_TIMER_VS_TIMER.Mode=TIMER_Enabled
VP_TIMER_VS_TIMER.Signal=TIMER_VS_TIMER
VP_TINY_LPM_VS_TINY_LPM.Mode=TINY_LPM_Enabled
VP_TINY_LPM_VS_TINY_LPM.Signal=TINY_LPM_VS_TINY_LPM
board=NUCLEO-WBA52CG
boardIOC=true
